<?xml version="1.0" encoding="utf-8"?>
<Project ToolsVersion="4.0" xmlns="http://schemas.microsoft.com/developer/msbuild/2003">
  <ItemGroup>
    <ClCompile Include="src\lspguid.cpp" />
    <ClCompile Include="src\provider.cpp" />
    <ClCompile Include="src\sockinfo.cpp" />
    <ClCompile Include="src\spi.cpp" />
  </ItemGroup>
  <ItemGroup>
    <ClInclude Include="src\lspcommon.h" />
    <ClInclude Include="src\lspdef.h" />
  </ItemGroup>
</Project>