<?xml version="1.0" encoding="utf-8"?>
<Project ToolsVersion="4.0" xmlns="http://schemas.microsoft.com/developer/msbuild/2003">
  <ItemGroup>
    <ClCompile Include="src\lspguid.cpp" />
    <ClCompile Include="src\provider.cpp" />
    <ClCompile Include="src\sockinfo.cpp" />
    <ClCompile Include="src\spi.cpp" />
    <ClCompile Include="src\socks\V5\socks_v5.cpp">
      <Filter>socks\V5</Filter>
    </ClCompile>
  </ItemGroup>
  <ItemGroup>
    <ClInclude Include="src\lspcommon.h" />
    <ClInclude Include="src\lspdef.h" />
    <ClInclude Include="src\lspguid.h" />
    <ClInclude Include="src\socks\V5\socks_v5.h">
      <Filter>socks\V5</Filter>
    </ClInclude>
  </ItemGroup>
  <ItemGroup>
    <None Include="src\lsp.def" />
  </ItemGroup>
  <ItemGroup>
    <Filter Include="socks">
      <UniqueIdentifier>{70d30edf-59c7-4897-a9aa-562964bad30e}</UniqueIdentifier>
    </Filter>
    <Filter Include="socks\V5">
      <UniqueIdentifier>{a92d08e1-3503-4066-b90f-fd7bdde2448f}</UniqueIdentifier>
    </Filter>
  </ItemGroup>
</Project>