
Microsoft Visual Studio Solution File, Format Version 12.00
# Visual Studio 15
VisualStudioVersion = 15.0.26430.15
MinimumVisualStudioVersion = 10.0.40219.1
Project("{8BC9CEB8-8B4A-11D0-8D11-00A0C91BC942}") = "lsp", "lsp.vcxproj", "{F4F5B558-6AC3-4B21-861D-C821D95FFF4A}"
EndProject
Project("{8BC9CEB8-8B4A-11D0-8D11-00A0C91BC942}") = "lsp_manager", "lsp_manager.vcxproj", "{AD25C8A2-B666-4489-BA91-2D836BB6E52B}"
EndProject
Project("{2150E333-8FDC-42A3-9474-1A3956D46DE8}") = "spi", "spi", "{C2E82205-723B-4F7A-92D7-B99C862C0BCC}"
EndProject
Project("{FAE04EC0-301F-11D3-BF4B-00C04F79EFBC}") = "Gui", "Gui\Gui.csproj", "{DAD45162-070B-426B-9A1F-25B3DEF9662D}"
EndProject
Project("{8BC9CEB8-8B4A-11D0-8D11-00A0C91BC942}") = "lsp_x64", "lsp_x64.vcxproj", "{450528E8-4D7B-4EF5-8105-859116AB00CC}"
EndProject
Project("{8BC9CEB8-8B4A-11D0-8D11-00A0C91BC942}") = "lsp_manager_x64", "lsp_manager_x64.vcxproj", "{A1FA6A87-2639-4773-9E36-617381D42164}"
EndProject
Project("{8BC9CEB8-8B4A-11D0-8D11-00A0C91BC942}") = "lsp_install_x64", "lsp_install_x64.vcxproj", "{5BDB124A-27C5-420D-B023-D31EDA3F1DB4}"
EndProject
Global
	GlobalSection(SolutionConfigurationPlatforms) = preSolution
		Debug|Any CPU = Debug|Any CPU
		Debug|x64 = Debug|x64
		Debug|x86 = Debug|x86
		Release|Any CPU = Release|Any CPU
		Release|x64 = Release|x64
		Release|x86 = Release|x86
	EndGlobalSection
	GlobalSection(ProjectConfigurationPlatforms) = postSolution
		{F4F5B558-6AC3-4B21-861D-C821D95FFF4A}.Debug|Any CPU.ActiveCfg = Debug|Win32
		{F4F5B558-6AC3-4B21-861D-C821D95FFF4A}.Debug|x64.ActiveCfg = Debug|Win32
		{F4F5B558-6AC3-4B21-861D-C821D95FFF4A}.Debug|x64.Build.0 = Debug|Win32
		{F4F5B558-6AC3-4B21-861D-C821D95FFF4A}.Debug|x86.ActiveCfg = Debug|Win32
		{F4F5B558-6AC3-4B21-861D-C821D95FFF4A}.Debug|x86.Build.0 = Debug|Win32
		{F4F5B558-6AC3-4B21-861D-C821D95FFF4A}.Release|Any CPU.ActiveCfg = Release|Win32
		{F4F5B558-6AC3-4B21-861D-C821D95FFF4A}.Release|x64.ActiveCfg = Release|x64
		{F4F5B558-6AC3-4B21-861D-C821D95FFF4A}.Release|x64.Build.0 = Release|x64
		{F4F5B558-6AC3-4B21-861D-C821D95FFF4A}.Release|x86.ActiveCfg = Release|Win32
		{F4F5B558-6AC3-4B21-861D-C821D95FFF4A}.Release|x86.Build.0 = Release|Win32
		{AD25C8A2-B666-4489-BA91-2D836BB6E52B}.Debug|Any CPU.ActiveCfg = Debug|Win32
		{AD25C8A2-B666-4489-BA91-2D836BB6E52B}.Debug|x64.ActiveCfg = Debug|Win32
		{AD25C8A2-B666-4489-BA91-2D836BB6E52B}.Debug|x64.Build.0 = Debug|Win32
		{AD25C8A2-B666-4489-BA91-2D836BB6E52B}.Debug|x86.ActiveCfg = Debug|Win32
		{AD25C8A2-B666-4489-BA91-2D836BB6E52B}.Debug|x86.Build.0 = Debug|Win32
		{AD25C8A2-B666-4489-BA91-2D836BB6E52B}.Release|Any CPU.ActiveCfg = Release|Win32
		{AD25C8A2-B666-4489-BA91-2D836BB6E52B}.Release|x64.ActiveCfg = Release|x64
		{AD25C8A2-B666-4489-BA91-2D836BB6E52B}.Release|x64.Build.0 = Release|x64
		{AD25C8A2-B666-4489-BA91-2D836BB6E52B}.Release|x86.ActiveCfg = Release|Win32
		{AD25C8A2-B666-4489-BA91-2D836BB6E52B}.Release|x86.Build.0 = Release|Win32
		{DAD45162-070B-426B-9A1F-25B3DEF9662D}.Debug|Any CPU.ActiveCfg = Debug|Any CPU
		{DAD45162-070B-426B-9A1F-25B3DEF9662D}.Debug|Any CPU.Build.0 = Debug|Any CPU
		{DAD45162-070B-426B-9A1F-25B3DEF9662D}.Debug|x64.ActiveCfg = Debug|Any CPU
		{DAD45162-070B-426B-9A1F-25B3DEF9662D}.Debug|x64.Build.0 = Debug|Any CPU
		{DAD45162-070B-426B-9A1F-25B3DEF9662D}.Debug|x86.ActiveCfg = Debug|Any CPU
		{DAD45162-070B-426B-9A1F-25B3DEF9662D}.Debug|x86.Build.0 = Debug|Any CPU
		{DAD45162-070B-426B-9A1F-25B3DEF9662D}.Release|Any CPU.ActiveCfg = Release|Any CPU
		{DAD45162-070B-426B-9A1F-25B3DEF9662D}.Release|Any CPU.Build.0 = Release|Any CPU
		{DAD45162-070B-426B-9A1F-25B3DEF9662D}.Release|x64.ActiveCfg = Release|Any CPU
		{DAD45162-070B-426B-9A1F-25B3DEF9662D}.Release|x64.Build.0 = Release|Any CPU
		{DAD45162-070B-426B-9A1F-25B3DEF9662D}.Release|x86.ActiveCfg = Release|Any CPU
		{DAD45162-070B-426B-9A1F-25B3DEF9662D}.Release|x86.Build.0 = Release|Any CPU
		{450528E8-4D7B-4EF5-8105-859116AB00CC}.Debug|Any CPU.ActiveCfg = Debug|Win32
		{450528E8-4D7B-4EF5-8105-859116AB00CC}.Debug|x64.ActiveCfg = Debug|x64
		{450528E8-4D7B-4EF5-8105-859116AB00CC}.Debug|x64.Build.0 = Debug|x64
		{450528E8-4D7B-4EF5-8105-859116AB00CC}.Debug|x86.ActiveCfg = Debug|x64
		{450528E8-4D7B-4EF5-8105-859116AB00CC}.Debug|x86.Build.0 = Debug|x64
		{450528E8-4D7B-4EF5-8105-859116AB00CC}.Release|Any CPU.ActiveCfg = Release|Win32
		{450528E8-4D7B-4EF5-8105-859116AB00CC}.Release|x64.ActiveCfg = Release|x64
		{450528E8-4D7B-4EF5-8105-859116AB00CC}.Release|x64.Build.0 = Release|x64
		{450528E8-4D7B-4EF5-8105-859116AB00CC}.Release|x86.ActiveCfg = Release|Win32
		{450528E8-4D7B-4EF5-8105-859116AB00CC}.Release|x86.Build.0 = Release|Win32
		{A1FA6A87-2639-4773-9E36-617381D42164}.Debug|Any CPU.ActiveCfg = Debug|Win32
		{A1FA6A87-2639-4773-9E36-617381D42164}.Debug|x64.ActiveCfg = Debug|x64
		{A1FA6A87-2639-4773-9E36-617381D42164}.Debug|x64.Build.0 = Debug|x64
		{A1FA6A87-2639-4773-9E36-617381D42164}.Debug|x86.ActiveCfg = Debug|x64
		{A1FA6A87-2639-4773-9E36-617381D42164}.Debug|x86.Build.0 = Debug|x64
		{A1FA6A87-2639-4773-9E36-617381D42164}.Release|Any CPU.ActiveCfg = Release|Win32
		{A1FA6A87-2639-4773-9E36-617381D42164}.Release|x64.ActiveCfg = Release|x64
		{A1FA6A87-2639-4773-9E36-617381D42164}.Release|x64.Build.0 = Release|x64
		{A1FA6A87-2639-4773-9E36-617381D42164}.Release|x86.ActiveCfg = Release|Win32
		{A1FA6A87-2639-4773-9E36-617381D42164}.Release|x86.Build.0 = Release|Win32
		{5BDB124A-27C5-420D-B023-D31EDA3F1DB4}.Debug|Any CPU.ActiveCfg = Debug|Win32
		{5BDB124A-27C5-420D-B023-D31EDA3F1DB4}.Debug|x64.ActiveCfg = Debug|x64
		{5BDB124A-27C5-420D-B023-D31EDA3F1DB4}.Debug|x64.Build.0 = Debug|x64
		{5BDB124A-27C5-420D-B023-D31EDA3F1DB4}.Debug|x86.ActiveCfg = Debug|x64
		{5BDB124A-27C5-420D-B023-D31EDA3F1DB4}.Debug|x86.Build.0 = Debug|x64
		{5BDB124A-27C5-420D-B023-D31EDA3F1DB4}.Release|Any CPU.ActiveCfg = Release|Win32
		{5BDB124A-27C5-420D-B023-D31EDA3F1DB4}.Release|x64.ActiveCfg = Release|x64
		{5BDB124A-27C5-420D-B023-D31EDA3F1DB4}.Release|x64.Build.0 = Release|x64
		{5BDB124A-27C5-420D-B023-D31EDA3F1DB4}.Release|x86.ActiveCfg = Release|Win32
		{5BDB124A-27C5-420D-B023-D31EDA3F1DB4}.Release|x86.Build.0 = Release|Win32
	EndGlobalSection
	GlobalSection(SolutionProperties) = preSolution
		HideSolutionNode = FALSE
	EndGlobalSection
	GlobalSection(NestedProjects) = preSolution
		{F4F5B558-6AC3-4B21-861D-C821D95FFF4A} = {C2E82205-723B-4F7A-92D7-B99C862C0BCC}
		{AD25C8A2-B666-4489-BA91-2D836BB6E52B} = {C2E82205-723B-4F7A-92D7-B99C862C0BCC}
		{450528E8-4D7B-4EF5-8105-859116AB00CC} = {C2E82205-723B-4F7A-92D7-B99C862C0BCC}
		{A1FA6A87-2639-4773-9E36-617381D42164} = {C2E82205-723B-4F7A-92D7-B99C862C0BCC}
		{5BDB124A-27C5-420D-B023-D31EDA3F1DB4} = {C2E82205-723B-4F7A-92D7-B99C862C0BCC}
	EndGlobalSection
EndGlobal
